
Microsoft Visual Studio Solution File, Format Version 12.00
# Visual Studio Version 16
VisualStudioVersion = 16.0.31112.23
MinimumVisualStudioVersion = 10.0.40219.1
Project("{2150E333-8FDC-42A3-9474-1A3956D46DE8}") = "Microservices", "Microservices", "{67B92A60-D2D3-47E6-94E4-95A29C2E1BB8}"
EndProject
Project("{2150E333-8FDC-42A3-9474-1A3956D46DE8}") = "Domain", "Domain", "{F720603B-843B-457D-AF64-798AEC123D16}"
EndProject
Project("{2150E333-8FDC-42A3-9474-1A3956D46DE8}") = "Infrastructure Bus", "Infrastructure Bus", "{ED86913D-8EB8-4778-9262-3F8615425CEE}"
EndProject
Project("{2150E333-8FDC-42A3-9474-1A3956D46DE8}") = "Infrastructure IOC", "Infrastructure IOC", "{2C7194E6-827B-4DB4-9A39-2CBA21683587}"
EndProject
Project("{2150E333-8FDC-42A3-9474-1A3956D46DE8}") = "Presentation", "Presentation", "{6B379842-C2B6-4DCA-8748-0EB9678A5494}"
EndProject
Project("{9A19103F-16F7-4668-BE54-9A1E7A4F7556}") = "MicroRabbit.Domain.core", "MicroRabbit.Domain.core\MicroRabbit.Domain.core.csproj", "{10883C02-6A03-4817-BB7F-043617CC1DB4}"
EndProject
Project("{9A19103F-16F7-4668-BE54-9A1E7A4F7556}") = "MicroRabbit.Infrastructure.Bus", "MicroRabbit.Infrastructure.Bus\MicroRabbit.Infrastructure.Bus.csproj", "{1CF8EE57-13A7-4E69-B7F1-5430E2FE9568}"
EndProject
Project("{FAE04EC0-301F-11D3-BF4B-00C04F79EFBC}") = "MicroRabbit.Infrastructure.IOC", "MicroRabbit.Infrastructure.IOC\MicroRabbit.Infrastructure.IOC.csproj", "{9128A1B7-189B-47AF-AB88-AB871C076898}"
EndProject
Project("{2150E333-8FDC-42A3-9474-1A3956D46DE8}") = "Banking", "Banking", "{43E1AFF9-A058-41E7-9421-988BF542EB61}"
EndProject
Project("{2150E333-8FDC-42A3-9474-1A3956D46DE8}") = "Api", "Api", "{FFA5A442-CD3A-4F07-AAB9-A0C2B6EB4527}"
EndProject
Project("{2150E333-8FDC-42A3-9474-1A3956D46DE8}") = "Domain", "Domain", "{CB5CA9E3-665A-4744-B350-BB9EE1B9749A}"
EndProject
Project("{2150E333-8FDC-42A3-9474-1A3956D46DE8}") = "Application", "Application", "{55AC46E3-A6E7-4D0D-91D5-9DDF065E41EC}"
EndProject
Project("{2150E333-8FDC-42A3-9474-1A3956D46DE8}") = "Data", "Data", "{14365BCA-79C8-463D-AEC1-179D5C5E78DB}"
EndProject
Project("{FAE04EC0-301F-11D3-BF4B-00C04F79EFBC}") = "MicroRabbit.Banking.Api", "MicroRabbit.Banking.Api\MicroRabbit.Banking.Api.csproj", "{720D1FBC-272E-4138-A6DA-27D97F6332A3}"
EndProject
Project("{FAE04EC0-301F-11D3-BF4B-00C04F79EFBC}") = "MicroRabbit.Banking.Application", "MicroRabbit.Banking.Application\MicroRabbit.Banking.Application.csproj", "{2F09581B-05D6-490C-A40D-ED8385B79A01}"
EndProject
Project("{FAE04EC0-301F-11D3-BF4B-00C04F79EFBC}") = "MicroRabbit.Banking.Data", "MicroRabbit.Banking.Data\MicroRabbit.Banking.Data.csproj", "{C511F449-BD33-4BC7-BF67-CCE34DCF0BA3}"
EndProject
Project("{FAE04EC0-301F-11D3-BF4B-00C04F79EFBC}") = "MicroRabbit.Banking.Domain", "MicroRabbit.Banking.Domain\MicroRabbit.Banking.Domain.csproj", "{24325B43-4155-4D52-9176-2B44FD271BB1}"
EndProject
Global
	GlobalSection(SolutionConfigurationPlatforms) = preSolution
		Debug|Any CPU = Debug|Any CPU
		Release|Any CPU = Release|Any CPU
	EndGlobalSection
	GlobalSection(ProjectConfigurationPlatforms) = postSolution
		{10883C02-6A03-4817-BB7F-043617CC1DB4}.Debug|Any CPU.ActiveCfg = Debug|Any CPU
		{10883C02-6A03-4817-BB7F-043617CC1DB4}.Debug|Any CPU.Build.0 = Debug|Any CPU
		{10883C02-6A03-4817-BB7F-043617CC1DB4}.Release|Any CPU.ActiveCfg = Release|Any CPU
		{10883C02-6A03-4817-BB7F-043617CC1DB4}.Release|Any CPU.Build.0 = Release|Any CPU
		{1CF8EE57-13A7-4E69-B7F1-5430E2FE9568}.Debug|Any CPU.ActiveCfg = Debug|Any CPU
		{1CF8EE57-13A7-4E69-B7F1-5430E2FE9568}.Debug|Any CPU.Build.0 = Debug|Any CPU
		{1CF8EE57-13A7-4E69-B7F1-5430E2FE9568}.Release|Any CPU.ActiveCfg = Release|Any CPU
		{1CF8EE57-13A7-4E69-B7F1-5430E2FE9568}.Release|Any CPU.Build.0 = Release|Any CPU
		{9128A1B7-189B-47AF-AB88-AB871C076898}.Debug|Any CPU.ActiveCfg = Debug|Any CPU
		{9128A1B7-189B-47AF-AB88-AB871C076898}.Debug|Any CPU.Build.0 = Debug|Any CPU
		{9128A1B7-189B-47AF-AB88-AB871C076898}.Release|Any CPU.ActiveCfg = Release|Any CPU
		{9128A1B7-189B-47AF-AB88-AB871C076898}.Release|Any CPU.Build.0 = Release|Any CPU
		{720D1FBC-272E-4138-A6DA-27D97F6332A3}.Debug|Any CPU.ActiveCfg = Debug|Any CPU
		{720D1FBC-272E-4138-A6DA-27D97F6332A3}.Debug|Any CPU.Build.0 = Debug|Any CPU
		{720D1FBC-272E-4138-A6DA-27D97F6332A3}.Release|Any CPU.ActiveCfg = Release|Any CPU
		{720D1FBC-272E-4138-A6DA-27D97F6332A3}.Release|Any CPU.Build.0 = Release|Any CPU
		{2F09581B-05D6-490C-A40D-ED8385B79A01}.Debug|Any CPU.ActiveCfg = Debug|Any CPU
		{2F09581B-05D6-490C-A40D-ED8385B79A01}.Debug|Any CPU.Build.0 = Debug|Any CPU
		{2F09581B-05D6-490C-A40D-ED8385B79A01}.Release|Any CPU.ActiveCfg = Release|Any CPU
		{2F09581B-05D6-490C-A40D-ED8385B79A01}.Release|Any CPU.Build.0 = Release|Any CPU
		{C511F449-BD33-4BC7-BF67-CCE34DCF0BA3}.Debug|Any CPU.ActiveCfg = Debug|Any CPU
		{C511F449-BD33-4BC7-BF67-CCE34DCF0BA3}.Debug|Any CPU.Build.0 = Debug|Any CPU
		{C511F449-BD33-4BC7-BF67-CCE34DCF0BA3}.Release|Any CPU.ActiveCfg = Release|Any CPU
		{C511F449-BD33-4BC7-BF67-CCE34DCF0BA3}.Release|Any CPU.Build.0 = Release|Any CPU
		{24325B43-4155-4D52-9176-2B44FD271BB1}.Debug|Any CPU.ActiveCfg = Debug|Any CPU
		{24325B43-4155-4D52-9176-2B44FD271BB1}.Debug|Any CPU.Build.0 = Debug|Any CPU
		{24325B43-4155-4D52-9176-2B44FD271BB1}.Release|Any CPU.ActiveCfg = Release|Any CPU
		{24325B43-4155-4D52-9176-2B44FD271BB1}.Release|Any CPU.Build.0 = Release|Any CPU
	EndGlobalSection
	GlobalSection(SolutionProperties) = preSolution
		HideSolutionNode = FALSE
	EndGlobalSection
	GlobalSection(NestedProjects) = preSolution
		{10883C02-6A03-4817-BB7F-043617CC1DB4} = {F720603B-843B-457D-AF64-798AEC123D16}
		{1CF8EE57-13A7-4E69-B7F1-5430E2FE9568} = {ED86913D-8EB8-4778-9262-3F8615425CEE}
		{9128A1B7-189B-47AF-AB88-AB871C076898} = {2C7194E6-827B-4DB4-9A39-2CBA21683587}
		{43E1AFF9-A058-41E7-9421-988BF542EB61} = {67B92A60-D2D3-47E6-94E4-95A29C2E1BB8}
		{FFA5A442-CD3A-4F07-AAB9-A0C2B6EB4527} = {43E1AFF9-A058-41E7-9421-988BF542EB61}
		{CB5CA9E3-665A-4744-B350-BB9EE1B9749A} = {43E1AFF9-A058-41E7-9421-988BF542EB61}
		{55AC46E3-A6E7-4D0D-91D5-9DDF065E41EC} = {43E1AFF9-A058-41E7-9421-988BF542EB61}
		{14365BCA-79C8-463D-AEC1-179D5C5E78DB} = {43E1AFF9-A058-41E7-9421-988BF542EB61}
		{720D1FBC-272E-4138-A6DA-27D97F6332A3} = {FFA5A442-CD3A-4F07-AAB9-A0C2B6EB4527}
		{2F09581B-05D6-490C-A40D-ED8385B79A01} = {55AC46E3-A6E7-4D0D-91D5-9DDF065E41EC}
		{C511F449-BD33-4BC7-BF67-CCE34DCF0BA3} = {14365BCA-79C8-463D-AEC1-179D5C5E78DB}
		{24325B43-4155-4D52-9176-2B44FD271BB1} = {CB5CA9E3-665A-4744-B350-BB9EE1B9749A}
	EndGlobalSection
	GlobalSection(ExtensibilityGlobals) = postSolution
		SolutionGuid = {45DE4EB6-36DC-4C7D-8623-D15903F8B842}
	EndGlobalSection
EndGlobal
