
Microsoft Visual Studio Solution File, Format Version 12.00
# Visual Studio Version 16
VisualStudioVersion = 16.0.31112.23
MinimumVisualStudioVersion = 10.0.40219.1
Project("{2150E333-8FDC-42A3-9474-1A3956D46DE8}") = "Microservices", "Microservices", "{67B92A60-D2D3-47E6-94E4-95A29C2E1BB8}"
EndProject
Project("{2150E333-8FDC-42A3-9474-1A3956D46DE8}") = "Domain", "Domain", "{F720603B-843B-457D-AF64-798AEC123D16}"
EndProject
Project("{2150E333-8FDC-42A3-9474-1A3956D46DE8}") = "Infrastructure Bus", "Infrastructure Bus", "{ED86913D-8EB8-4778-9262-3F8615425CEE}"
EndProject
Project("{2150E333-8FDC-42A3-9474-1A3956D46DE8}") = "Infrastructure IOC", "Infrastructure IOC", "{2C7194E6-827B-4DB4-9A39-2CBA21683587}"
EndProject
Project("{2150E333-8FDC-42A3-9474-1A3956D46DE8}") = "Presentation", "Presentation", "{6B379842-C2B6-4DCA-8748-0EB9678A5494}"
EndProject
Project("{FAE04EC0-301F-11D3-BF4B-00C04F79EFBC}") = "MicroRabbit.Domain.core", "MicroRabbit.Domain.core\MicroRabbit.Domain.core.csproj", "{10883C02-6A03-4817-BB7F-043617CC1DB4}"
EndProject
Project("{FAE04EC0-301F-11D3-BF4B-00C04F79EFBC}") = "MicroRabbit.Infrastructure.Bus", "MicroRabbit.Infrastructure.Bus\MicroRabbit.Infrastructure.Bus.csproj", "{1CF8EE57-13A7-4E69-B7F1-5430E2FE9568}"
EndProject
Global
	GlobalSection(SolutionConfigurationPlatforms) = preSolution
		Debug|Any CPU = Debug|Any CPU
		Release|Any CPU = Release|Any CPU
	EndGlobalSection
	GlobalSection(ProjectConfigurationPlatforms) = postSolution
		{10883C02-6A03-4817-BB7F-043617CC1DB4}.Debug|Any CPU.ActiveCfg = Debug|Any CPU
		{10883C02-6A03-4817-BB7F-043617CC1DB4}.Debug|Any CPU.Build.0 = Debug|Any CPU
		{10883C02-6A03-4817-BB7F-043617CC1DB4}.Release|Any CPU.ActiveCfg = Release|Any CPU
		{10883C02-6A03-4817-BB7F-043617CC1DB4}.Release|Any CPU.Build.0 = Release|Any CPU
		{1CF8EE57-13A7-4E69-B7F1-5430E2FE9568}.Debug|Any CPU.ActiveCfg = Debug|Any CPU
		{1CF8EE57-13A7-4E69-B7F1-5430E2FE9568}.Debug|Any CPU.Build.0 = Debug|Any CPU
		{1CF8EE57-13A7-4E69-B7F1-5430E2FE9568}.Release|Any CPU.ActiveCfg = Release|Any CPU
		{1CF8EE57-13A7-4E69-B7F1-5430E2FE9568}.Release|Any CPU.Build.0 = Release|Any CPU
	EndGlobalSection
	GlobalSection(SolutionProperties) = preSolution
		HideSolutionNode = FALSE
	EndGlobalSection
	GlobalSection(NestedProjects) = preSolution
		{10883C02-6A03-4817-BB7F-043617CC1DB4} = {F720603B-843B-457D-AF64-798AEC123D16}
		{1CF8EE57-13A7-4E69-B7F1-5430E2FE9568} = {ED86913D-8EB8-4778-9262-3F8615425CEE}
	EndGlobalSection
	GlobalSection(ExtensibilityGlobals) = postSolution
		SolutionGuid = {45DE4EB6-36DC-4C7D-8623-D15903F8B842}
	EndGlobalSection
EndGlobal
